
Microsoft Visual Studio Solution File, Format Version 12.00
# Visual Studio Version 16
VisualStudioVersion = 25.0.1706.4
MinimumVisualStudioVersion = 10.0.40219.1
Project("{FAE04EC0-301F-11D3-BF4B-00C04F79EFBC}") = "task04.10", "task04.10\task04.10.csproj", "{37FA06F7-2257-48EC-B000-AB01E98C4089}"
EndProject
Global
	GlobalSection(SolutionConfigurationPlatforms) = preSolution
		Debug|Any CPU = Debug|Any CPU
		Release|Any CPU = Release|Any CPU
	EndGlobalSection
	GlobalSection(ProjectConfigurationPlatforms) = postSolution
		{37FA06F7-2257-48EC-B000-AB01E98C4089}.Debug|Any CPU.ActiveCfg = Debug|Any CPU
		{37FA06F7-2257-48EC-B000-AB01E98C4089}.Debug|Any CPU.Build.0 = Debug|Any CPU
		{37FA06F7-2257-48EC-B000-AB01E98C4089}.Release|Any CPU.ActiveCfg = Release|Any CPU
		{37FA06F7-2257-48EC-B000-AB01E98C4089}.Release|Any CPU.Build.0 = Release|Any CPU
	EndGlobalSection
	GlobalSection(SolutionProperties) = preSolution
		HideSolutionNode = FALSE
	EndGlobalSection
	GlobalSection(ExtensibilityGlobals) = postSolution
		SolutionGuid = {330ABCF3-0CC6-41F2-8815-1F5B70C5AE60}
	EndGlobalSection
EndGlobal
